{
  "name": "tut",
  "version": "1.0.0",
  "lockfileVersion": 1,
  "requires": true,
  "dependencies": {
    "javascript-rql": {
      "version": "1.0.7",
      "resolved": "https://registry.npmjs.org/javascript-rql/-/javascript-rql-1.0.7.tgz",
      "integrity": "sha512-FdTeesW4z7hfYLNNGJBgtpP2Hc7KgBUPFT+/+svVgGkLEQMDBxFfFOQlVLex2Ox7Q6CicGRcPFVjW3GBgUBxNQ==",
      "requires": {
        "ramda": "^0.27.1"
      }
    },
    "ramda": {
      "version": "0.27.1",
      "resolved": "https://registry.npmjs.org/ramda/-/ramda-0.27.1.tgz",
      "integrity": "sha512-PgIdVpn5y5Yns8vqb8FzBUEYn98V3xcPgawAkkgj0YJ0qDsnHCiNmZYfOGMgOvoB0eWFLpYbhxUR3mxfDIMvpw=="
    }
  }
}
